
Microsoft Visual Studio Solution File, Format Version 12.00
# Visual Studio Version 17
VisualStudioVersion = 17.11.35327.3
MinimumVisualStudioVersion = 10.0.40219.1
Project("{FAE04EC0-301F-11D3-BF4B-00C04F79EFBC}") = "BusinessLayer", "BusinessLayer\BusinessLayer.csproj", "{F218F8D2-9F19-4D17-BDC6-376AA3F9CAA7}"
EndProject
Project("{FAE04EC0-301F-11D3-BF4B-00C04F79EFBC}") = "BusinessLayer.Tests", "BusinessLayer.Tests\BusinessLayer.Tests.csproj", "{D7F31384-5E7E-425B-8960-75DC6882C0D7}"
EndProject
Global
	GlobalSection(SolutionConfigurationPlatforms) = preSolution
		Debug|Any CPU = Debug|Any CPU
		Release|Any CPU = Release|Any CPU
	EndGlobalSection
	GlobalSection(ProjectConfigurationPlatforms) = postSolution
		{F218F8D2-9F19-4D17-BDC6-376AA3F9CAA7}.Debug|Any CPU.ActiveCfg = Debug|Any CPU
		{F218F8D2-9F19-4D17-BDC6-376AA3F9CAA7}.Debug|Any CPU.Build.0 = Debug|Any CPU
		{F218F8D2-9F19-4D17-BDC6-376AA3F9CAA7}.Release|Any CPU.ActiveCfg = Release|Any CPU
		{F218F8D2-9F19-4D17-BDC6-376AA3F9CAA7}.Release|Any CPU.Build.0 = Release|Any CPU
		{D7F31384-5E7E-425B-8960-75DC6882C0D7}.Debug|Any CPU.ActiveCfg = Debug|Any CPU
		{D7F31384-5E7E-425B-8960-75DC6882C0D7}.Debug|Any CPU.Build.0 = Debug|Any CPU
		{D7F31384-5E7E-425B-8960-75DC6882C0D7}.Release|Any CPU.ActiveCfg = Release|Any CPU
		{D7F31384-5E7E-425B-8960-75DC6882C0D7}.Release|Any CPU.Build.0 = Release|Any CPU
	EndGlobalSection
	GlobalSection(SolutionProperties) = preSolution
		HideSolutionNode = FALSE
	EndGlobalSection
	GlobalSection(ExtensibilityGlobals) = postSolution
		SolutionGuid = {D8DDC693-51E6-4D61-9F2B-18439339222C}
	EndGlobalSection
EndGlobal
