
Microsoft Visual Studio Solution File, Format Version 12.00
# Visual Studio Version 17
VisualStudioVersion = 17.11.35327.3
MinimumVisualStudioVersion = 10.0.40219.1
Project("{FAE04EC0-301F-11D3-BF4B-00C04F79EFBC}") = "Asserts.Tests", "Asserts.Tests\Asserts.Tests.csproj", "{56936E8F-A7A5-4329-974A-8CD455D1C068}"
EndProject
Global
	GlobalSection(SolutionConfigurationPlatforms) = preSolution
		Debug|Any CPU = Debug|Any CPU
		Release|Any CPU = Release|Any CPU
	EndGlobalSection
	GlobalSection(ProjectConfigurationPlatforms) = postSolution
		{56936E8F-A7A5-4329-974A-8CD455D1C068}.Debug|Any CPU.ActiveCfg = Debug|Any CPU
		{56936E8F-A7A5-4329-974A-8CD455D1C068}.Debug|Any CPU.Build.0 = Debug|Any CPU
		{56936E8F-A7A5-4329-974A-8CD455D1C068}.Release|Any CPU.ActiveCfg = Release|Any CPU
		{56936E8F-A7A5-4329-974A-8CD455D1C068}.Release|Any CPU.Build.0 = Release|Any CPU
	EndGlobalSection
	GlobalSection(SolutionProperties) = preSolution
		HideSolutionNode = FALSE
	EndGlobalSection
	GlobalSection(ExtensibilityGlobals) = postSolution
		SolutionGuid = {D896207F-375D-4DDF-A1C2-ACE071276D3E}
	EndGlobalSection
EndGlobal
