
Microsoft Visual Studio Solution File, Format Version 12.00
# Visual Studio Version 17
VisualStudioVersion = 17.11.35327.3
MinimumVisualStudioVersion = 10.0.40219.1
Project("{FAE04EC0-301F-11D3-BF4B-00C04F79EFBC}") = "Helpers", "Helpers\Helpers.csproj", "{929BD29C-AA1A-4E8A-9321-25DBC92E9789}"
EndProject
Project("{FAE04EC0-301F-11D3-BF4B-00C04F79EFBC}") = "Helpers.Tests", "Helpers.Tests\Helpers.Tests.csproj", "{D7F507E1-9ED8-4229-A360-CCA98393FF58}"
EndProject
Global
	GlobalSection(SolutionConfigurationPlatforms) = preSolution
		Debug|Any CPU = Debug|Any CPU
		Release|Any CPU = Release|Any CPU
	EndGlobalSection
	GlobalSection(ProjectConfigurationPlatforms) = postSolution
		{929BD29C-AA1A-4E8A-9321-25DBC92E9789}.Debug|Any CPU.ActiveCfg = Debug|Any CPU
		{929BD29C-AA1A-4E8A-9321-25DBC92E9789}.Debug|Any CPU.Build.0 = Debug|Any CPU
		{929BD29C-AA1A-4E8A-9321-25DBC92E9789}.Release|Any CPU.ActiveCfg = Release|Any CPU
		{929BD29C-AA1A-4E8A-9321-25DBC92E9789}.Release|Any CPU.Build.0 = Release|Any CPU
		{D7F507E1-9ED8-4229-A360-CCA98393FF58}.Debug|Any CPU.ActiveCfg = Debug|Any CPU
		{D7F507E1-9ED8-4229-A360-CCA98393FF58}.Debug|Any CPU.Build.0 = Debug|Any CPU
		{D7F507E1-9ED8-4229-A360-CCA98393FF58}.Release|Any CPU.ActiveCfg = Release|Any CPU
		{D7F507E1-9ED8-4229-A360-CCA98393FF58}.Release|Any CPU.Build.0 = Release|Any CPU
	EndGlobalSection
	GlobalSection(SolutionProperties) = preSolution
		HideSolutionNode = FALSE
	EndGlobalSection
	GlobalSection(ExtensibilityGlobals) = postSolution
		SolutionGuid = {B5A690A5-F79A-49F9-9C1F-0E2ADC9DD40A}
	EndGlobalSection
EndGlobal
