
Microsoft Visual Studio Solution File, Format Version 12.00
# Visual Studio Version 17
VisualStudioVersion = 17.11.35327.3
MinimumVisualStudioVersion = 10.0.40219.1
Project("{FAE04EC0-301F-11D3-BF4B-00C04F79EFBC}") = "CollectionAsserts.Tests", "CollectionAsserts.Tests\CollectionAsserts.Tests.csproj", "{78031EE7-3B29-4E0F-9074-C7648DE95E09}"
EndProject
Global
	GlobalSection(SolutionConfigurationPlatforms) = preSolution
		Debug|Any CPU = Debug|Any CPU
		Release|Any CPU = Release|Any CPU
	EndGlobalSection
	GlobalSection(ProjectConfigurationPlatforms) = postSolution
		{78031EE7-3B29-4E0F-9074-C7648DE95E09}.Debug|Any CPU.ActiveCfg = Debug|Any CPU
		{78031EE7-3B29-4E0F-9074-C7648DE95E09}.Debug|Any CPU.Build.0 = Debug|Any CPU
		{78031EE7-3B29-4E0F-9074-C7648DE95E09}.Release|Any CPU.ActiveCfg = Release|Any CPU
		{78031EE7-3B29-4E0F-9074-C7648DE95E09}.Release|Any CPU.Build.0 = Release|Any CPU
	EndGlobalSection
	GlobalSection(SolutionProperties) = preSolution
		HideSolutionNode = FALSE
	EndGlobalSection
	GlobalSection(ExtensibilityGlobals) = postSolution
		SolutionGuid = {654B0E72-8DC0-4753-B9E9-863BE3B9CD26}
	EndGlobalSection
EndGlobal
