
Microsoft Visual Studio Solution File, Format Version 12.00
# Visual Studio Version 17
VisualStudioVersion = 17.11.35327.3
MinimumVisualStudioVersion = 10.0.40219.1
Project("{FAE04EC0-301F-11D3-BF4B-00C04F79EFBC}") = "AssemblyLevel", "AssemblyLevel\AssemblyLevel.csproj", "{3B63CD9E-825D-4E5F-85A5-022E5E09F0E3}"
EndProject
Global
	GlobalSection(SolutionConfigurationPlatforms) = preSolution
		Debug|Any CPU = Debug|Any CPU
		Release|Any CPU = Release|Any CPU
	EndGlobalSection
	GlobalSection(ProjectConfigurationPlatforms) = postSolution
		{3B63CD9E-825D-4E5F-85A5-022E5E09F0E3}.Debug|Any CPU.ActiveCfg = Debug|Any CPU
		{3B63CD9E-825D-4E5F-85A5-022E5E09F0E3}.Debug|Any CPU.Build.0 = Debug|Any CPU
		{3B63CD9E-825D-4E5F-85A5-022E5E09F0E3}.Release|Any CPU.ActiveCfg = Release|Any CPU
		{3B63CD9E-825D-4E5F-85A5-022E5E09F0E3}.Release|Any CPU.Build.0 = Release|Any CPU
	EndGlobalSection
	GlobalSection(SolutionProperties) = preSolution
		HideSolutionNode = FALSE
	EndGlobalSection
	GlobalSection(ExtensibilityGlobals) = postSolution
		SolutionGuid = {423A044E-89A0-4195-8630-B3CA4845F456}
	EndGlobalSection
EndGlobal
