
Microsoft Visual Studio Solution File, Format Version 12.00
# Visual Studio Version 17
VisualStudioVersion = 17.11.35327.3
MinimumVisualStudioVersion = 10.0.40219.1
Project("{FAE04EC0-301F-11D3-BF4B-00C04F79EFBC}") = "ShoppingCart", "ShoppingCart\ShoppingCart.csproj", "{CBE354A5-5A97-493B-A8E7-C12AA08AD31E}"
EndProject
Project("{FAE04EC0-301F-11D3-BF4B-00C04F79EFBC}") = "ShoppingCart.Tests", "ShoppingCart.Tests\ShoppingCart.Tests.csproj", "{539848A7-79A0-4EF4-80D1-ED9E22276BF7}"
EndProject
Global
	GlobalSection(SolutionConfigurationPlatforms) = preSolution
		Debug|Any CPU = Debug|Any CPU
		Release|Any CPU = Release|Any CPU
	EndGlobalSection
	GlobalSection(ProjectConfigurationPlatforms) = postSolution
		{CBE354A5-5A97-493B-A8E7-C12AA08AD31E}.Debug|Any CPU.ActiveCfg = Debug|Any CPU
		{CBE354A5-5A97-493B-A8E7-C12AA08AD31E}.Debug|Any CPU.Build.0 = Debug|Any CPU
		{CBE354A5-5A97-493B-A8E7-C12AA08AD31E}.Release|Any CPU.ActiveCfg = Release|Any CPU
		{CBE354A5-5A97-493B-A8E7-C12AA08AD31E}.Release|Any CPU.Build.0 = Release|Any CPU
		{539848A7-79A0-4EF4-80D1-ED9E22276BF7}.Debug|Any CPU.ActiveCfg = Debug|Any CPU
		{539848A7-79A0-4EF4-80D1-ED9E22276BF7}.Debug|Any CPU.Build.0 = Debug|Any CPU
		{539848A7-79A0-4EF4-80D1-ED9E22276BF7}.Release|Any CPU.ActiveCfg = Release|Any CPU
		{539848A7-79A0-4EF4-80D1-ED9E22276BF7}.Release|Any CPU.Build.0 = Release|Any CPU
	EndGlobalSection
	GlobalSection(SolutionProperties) = preSolution
		HideSolutionNode = FALSE
	EndGlobalSection
	GlobalSection(ExtensibilityGlobals) = postSolution
		SolutionGuid = {65927564-F4B5-4453-9C4B-1377A450FBE9}
	EndGlobalSection
EndGlobal
